// !$*UTF8*$!
{
	archiveVersion = 1;
	classes = {
	};
	objectVersion = 46;
	objects = {

/* Begin PBXBuildFile section */
		24B020FC18E9D1CA00C04985 /* Foundation.framework in Frameworks */ = {isa = PBXBuildFile; fileRef = 24B020FB18E9D1CA00C04985 /* Foundation.framework */; };
		24B020FE18E9D1CA00C04985 /* CoreGraphics.framework in Frameworks */ = {isa = PBXBuildFile; fileRef = 24B020FD18E9D1CA00C04985 /* CoreGraphics.framework */; };
		24B0210018E9D1CA00C04985 /* UIKit.framework in Frameworks */ = {isa = PBXBuildFile; fileRef = 24B020FF18E9D1CA00C04985 /* UIKit.framework */; };
		24B0210618E9D1CA00C04985 /* InfoPlist.strings in Resources */ = {isa = PBXBuildFile; fileRef = 24B0210418E9D1CA00C04985 /* InfoPlist.strings */; };
		24B0210818E9D1CA00C04985 /* main.m in Sources */ = {isa = PBXBuildFile; fileRef = 24B0210718E9D1CA00C04985 /* main.m */; };
		24B0210C18E9D1CA00C04985 /* TTTAppDelegate.m in Sources */ = {isa = PBXBuildFile; fileRef = 24B0210B18E9D1CA00C04985 /* TTTAppDelegate.m */; };
		24B0210E18E9D1CA00C04985 /* Images.xcassets in Resources */ = {isa = PBXBuildFile; fileRef = 24B0210D18E9D1CA00C04985 /* Images.xcassets */; };
		24B0211518E9D1CA00C04985 /* XCTest.framework in Frameworks */ = {isa = PBXBuildFile; fileRef = 24B0211418E9D1CA00C04985 /* XCTest.framework */; };
		24B0211618E9D1CA00C04985 /* Foundation.framework in Frameworks */ = {isa = PBXBuildFile; fileRef = 24B020FB18E9D1CA00C04985 /* Foundation.framework */; };
		24B0211718E9D1CA00C04985 /* UIKit.framework in Frameworks */ = {isa = PBXBuildFile; fileRef = 24B020FF18E9D1CA00C04985 /* UIKit.framework */; };
		24B0211F18E9D1CA00C04985 /* InfoPlist.strings in Resources */ = {isa = PBXBuildFile; fileRef = 24B0211D18E9D1CA00C04985 /* InfoPlist.strings */; };
		24B0212C18E9D30100C04985 /* TTTBoard.m in Sources */ = {isa = PBXBuildFile; fileRef = 24B0212B18E9D30100C04985 /* TTTBoard.m */; };
		24B0212D18E9D30100C04985 /* TTTBoard.m in Sources */ = {isa = PBXBuildFile; fileRef = 24B0212B18E9D30100C04985 /* TTTBoard.m */; };
		24B0212F18E9D32100C04985 /* TestTacToeTests.m in Sources */ = {isa = PBXBuildFile; fileRef = 24B0212E18E9D32100C04985 /* TestTacToeTests.m */; };
		81C4D26D40C048D499725347 /* libPods-TestTacToeTests.a in Frameworks */ = {isa = PBXBuildFile; fileRef = C15C942BDC384319B3B280B5 /* libPods-TestTacToeTests.a */; };
/* End PBXBuildFile section */

/* Begin PBXContainerItemProxy section */
		24B0211818E9D1CA00C04985 /* PBXContainerItemProxy */ = {
			isa = PBXContainerItemProxy;
			containerPortal = 24B020F018E9D1CA00C04985 /* Project object */;
			proxyType = 1;
			remoteGlobalIDString = 24B020F718E9D1CA00C04985;
			remoteInfo = TestTacToe;
		};
/* End PBXContainerItemProxy section */

/* Begin PBXFileReference section */
		24B020F818E9D1CA00C04985 /* TestTacToe.app */ = {isa = PBXFileReference; explicitFileType = wrapper.application; includeInIndex = 0; path = TestTacToe.app; sourceTree = BUILT_PRODUCTS_DIR; };
		24B020FB18E9D1CA00C04985 /* Foundation.framework */ = {isa = PBXFileReference; lastKnownFileType = wrapper.framework; name = Foundation.framework; path = System/Library/Frameworks/Foundation.framework; sourceTree = SDKROOT; };
		24B020FD18E9D1CA00C04985 /* CoreGraphics.framework */ = {isa = PBXFileReference; lastKnownFileType = wrapper.framework; name = CoreGraphics.framework; path = System/Library/Frameworks/CoreGraphics.framework; sourceTree = SDKROOT; };
		24B020FF18E9D1CA00C04985 /* UIKit.framework */ = {isa = PBXFileReference; lastKnownFileType = wrapper.framework; name = UIKit.framework; path = System/Library/Frameworks/UIKit.framework; sourceTree = SDKROOT; };
		24B0210318E9D1CA00C04985 /* TestTacToe-Info.plist */ = {isa = PBXFileReference; lastKnownFileType = text.plist.xml; path = "TestTacToe-Info.plist"; sourceTree = "<group>"; };
		24B0210518E9D1CA00C04985 /* en */ = {isa = PBXFileReference; lastKnownFileType = text.plist.strings; name = en; path = en.lproj/InfoPlist.strings; sourceTree = "<group>"; };
		24B0210718E9D1CA00C04985 /* main.m */ = {isa = PBXFileReference; lastKnownFileType = sourcecode.c.objc; path = main.m; sourceTree = "<group>"; };
		24B0210918E9D1CA00C04985 /* TestTacToe-Prefix.pch */ = {isa = PBXFileReference; lastKnownFileType = sourcecode.c.h; path = "TestTacToe-Prefix.pch"; sourceTree = "<group>"; };
		24B0210A18E9D1CA00C04985 /* TTTAppDelegate.h */ = {isa = PBXFileReference; lastKnownFileType = sourcecode.c.h; path = TTTAppDelegate.h; sourceTree = "<group>"; };
		24B0210B18E9D1CA00C04985 /* TTTAppDelegate.m */ = {isa = PBXFileReference; lastKnownFileType = sourcecode.c.objc; path = TTTAppDelegate.m; sourceTree = "<group>"; };
		24B0210D18E9D1CA00C04985 /* Images.xcassets */ = {isa = PBXFileReference; lastKnownFileType = folder.assetcatalog; path = Images.xcassets; sourceTree = "<group>"; };
		24B0211318E9D1CA00C04985 /* TestTacToeTests.xctest */ = {isa = PBXFileReference; explicitFileType = wrapper.cfbundle; includeInIndex = 0; path = TestTacToeTests.xctest; sourceTree = BUILT_PRODUCTS_DIR; };
		24B0211418E9D1CA00C04985 /* XCTest.framework */ = {isa = PBXFileReference; lastKnownFileType = wrapper.framework; name = XCTest.framework; path = Library/Frameworks/XCTest.framework; sourceTree = DEVELOPER_DIR; };
		24B0211C18E9D1CA00C04985 /* TestTacToeTests-Info.plist */ = {isa = PBXFileReference; lastKnownFileType = text.plist.xml; path = "TestTacToeTests-Info.plist"; sourceTree = "<group>"; };
		24B0211E18E9D1CA00C04985 /* en */ = {isa = PBXFileReference; lastKnownFileType = text.plist.strings; name = en; path = en.lproj/InfoPlist.strings; sourceTree = "<group>"; };
		24B0212A18E9D30100C04985 /* TTTBoard.h */ = {isa = PBXFileReference; fileEncoding = 4; lastKnownFileType = sourcecode.c.h; path = TTTBoard.h; sourceTree = "<group>"; };
		24B0212B18E9D30100C04985 /* TTTBoard.m */ = {isa = PBXFileReference; fileEncoding = 4; lastKnownFileType = sourcecode.c.objc; path = TTTBoard.m; sourceTree = "<group>"; };
		24B0212E18E9D32100C04985 /* TestTacToeTests.m */ = {isa = PBXFileReference; fileEncoding = 4; lastKnownFileType = sourcecode.c.objc; path = TestTacToeTests.m; sourceTree = "<group>"; };
		499DD74B65A444CBBEE3EB6A /* Pods-TestTacToeTests.xcconfig */ = {isa = PBXFileReference; includeInIndex = 1; lastKnownFileType = text.xcconfig; name = "Pods-TestTacToeTests.xcconfig"; path = "Pods/Pods-TestTacToeTests.xcconfig"; sourceTree = "<group>"; };
		C15C942BDC384319B3B280B5 /* libPods-TestTacToeTests.a */ = {isa = PBXFileReference; explicitFileType = archive.ar; includeInIndex = 0; path = "libPods-TestTacToeTests.a"; sourceTree = BUILT_PRODUCTS_DIR; };
/* End PBXFileReference section */

/* Begin PBXFrameworksBuildPhase section */
		24B020F518E9D1CA00C04985 /* Frameworks */ = {
			isa = PBXFrameworksBuildPhase;
			buildActionMask = 2147483647;
			files = (
				24B020FE18E9D1CA00C04985 /* CoreGraphics.framework in Frameworks */,
				24B0210018E9D1CA00C04985 /* UIKit.framework in Frameworks */,
				24B020FC18E9D1CA00C04985 /* Foundation.framework in Frameworks */,
			);
			runOnlyForDeploymentPostprocessing = 0;
		};
		24B0211018E9D1CA00C04985 /* Frameworks */ = {
			isa = PBXFrameworksBuildPhase;
			buildActionMask = 2147483647;
			files = (
				24B0211518E9D1CA00C04985 /* XCTest.framework in Frameworks */,
				24B0211718E9D1CA00C04985 /* UIKit.framework in Frameworks */,
				24B0211618E9D1CA00C04985 /* Foundation.framework in Frameworks */,
				81C4D26D40C048D499725347 /* libPods-TestTacToeTests.a in Frameworks */,
			);
			runOnlyForDeploymentPostprocessing = 0;
		};
/* End PBXFrameworksBuildPhase section */

/* Begin PBXGroup section */
		24B020EF18E9D1CA00C04985 = {
			isa = PBXGroup;
			children = (
				24B0210118E9D1CA00C04985 /* TestTacToe */,
				24B0211A18E9D1CA00C04985 /* TestTacToeTests */,
				24B020FA18E9D1CA00C04985 /* Frameworks */,
				24B020F918E9D1CA00C04985 /* Products */,
				499DD74B65A444CBBEE3EB6A /* Pods-TestTacToeTests.xcconfig */,
			);
			sourceTree = "<group>";
		};
		24B020F918E9D1CA00C04985 /* Products */ = {
			isa = PBXGroup;
			children = (
				24B020F818E9D1CA00C04985 /* TestTacToe.app */,
				24B0211318E9D1CA00C04985 /* TestTacToeTests.xctest */,
			);
			name = Products;
			sourceTree = "<group>";
		};
		24B020FA18E9D1CA00C04985 /* Frameworks */ = {
			isa = PBXGroup;
			children = (
				24B020FB18E9D1CA00C04985 /* Foundation.framework */,
				24B020FD18E9D1CA00C04985 /* CoreGraphics.framework */,
				24B020FF18E9D1CA00C04985 /* UIKit.framework */,
				24B0211418E9D1CA00C04985 /* XCTest.framework */,
				C15C942BDC384319B3B280B5 /* libPods-TestTacToeTests.a */,
			);
			name = Frameworks;
			sourceTree = "<group>";
		};
		24B0210118E9D1CA00C04985 /* TestTacToe */ = {
			isa = PBXGroup;
			children = (
				24B0210A18E9D1CA00C04985 /* TTTAppDelegate.h */,
				24B0210B18E9D1CA00C04985 /* TTTAppDelegate.m */,
				24B0212A18E9D30100C04985 /* TTTBoard.h */,
				24B0212B18E9D30100C04985 /* TTTBoard.m */,
				24B0210D18E9D1CA00C04985 /* Images.xcassets */,
				24B0210218E9D1CA00C04985 /* Supporting Files */,
			);
			path = TestTacToe;
			sourceTree = "<group>";
		};
		24B0210218E9D1CA00C04985 /* Supporting Files */ = {
			isa = PBXGroup;
			children = (
				24B0210318E9D1CA00C04985 /* TestTacToe-Info.plist */,
				24B0210418E9D1CA00C04985 /* InfoPlist.strings */,
				24B0210718E9D1CA00C04985 /* main.m */,
				24B0210918E9D1CA00C04985 /* TestTacToe-Prefix.pch */,
			);
			name = "Supporting Files";
			sourceTree = "<group>";
		};
		24B0211A18E9D1CA00C04985 /* TestTacToeTests */ = {
			isa = PBXGroup;
			children = (
				24B0212E18E9D32100C04985 /* TestTacToeTests.m */,
				24B0211B18E9D1CA00C04985 /* Supporting Files */,
			);
			path = TestTacToeTests;
			sourceTree = "<group>";
		};
		24B0211B18E9D1CA00C04985 /* Supporting Files */ = {
			isa = PBXGroup;
			children = (
				24B0211C18E9D1CA00C04985 /* TestTacToeTests-Info.plist */,
				24B0211D18E9D1CA00C04985 /* InfoPlist.strings */,
			);
			name = "Supporting Files";
			sourceTree = "<group>";
		};
/* End PBXGroup section */

/* Begin PBXNativeTarget section */
		24B020F718E9D1CA00C04985 /* TestTacToe */ = {
			isa = PBXNativeTarget;
			buildConfigurationList = 24B0212418E9D1CA00C04985 /* Build configuration list for PBXNativeTarget "TestTacToe" */;
			buildPhases = (
				24B020F418E9D1CA00C04985 /* Sources */,
				24B020F518E9D1CA00C04985 /* Frameworks */,
				24B020F618E9D1CA00C04985 /* Resources */,
			);
			buildRules = (
			);
			dependencies = (
			);
			name = TestTacToe;
			productName = TestTacToe;
			productReference = 24B020F818E9D1CA00C04985 /* TestTacToe.app */;
			productType = "com.apple.product-type.application";
		};
		24B0211218E9D1CA00C04985 /* TestTacToeTests */ = {
			isa = PBXNativeTarget;
			buildConfigurationList = 24B0212718E9D1CA00C04985 /* Build configuration list for PBXNativeTarget "TestTacToeTests" */;
			buildPhases = (
				7A7BB05923784BD6A95B61E8 /* Check Pods Manifest.lock */,
				24B0210F18E9D1CA00C04985 /* Sources */,
				24B0211018E9D1CA00C04985 /* Frameworks */,
				24B0211118E9D1CA00C04985 /* Resources */,
				36D9A587411A4D92BE5CA7E4 /* Copy Pods Resources */,
			);
			buildRules = (
			);
			dependencies = (
				24B0211918E9D1CA00C04985 /* PBXTargetDependency */,
			);
			name = TestTacToeTests;
			productName = TestTacToeTests;
			productReference = 24B0211318E9D1CA00C04985 /* TestTacToeTests.xctest */;
			productType = "com.apple.product-type.bundle.unit-test";
		};
/* End PBXNativeTarget section */

/* Begin PBXProject section */
		24B020F018E9D1CA00C04985 /* Project object */ = {
			isa = PBXProject;
			attributes = {
				CLASSPREFIX = TTT;
				LastUpgradeCheck = 0510;
				ORGANIZATIONNAME = "Matt Chowning";
				TargetAttributes = {
					24B0211218E9D1CA00C04985 = {
						TestTargetID = 24B020F718E9D1CA00C04985;
					};
				};
			};
			buildConfigurationList = 24B020F318E9D1CA00C04985 /* Build configuration list for PBXProject "TestTacToe" */;
			compatibilityVersion = "Xcode 3.2";
			developmentRegion = English;
			hasScannedForEncodings = 0;
			knownRegions = (
				en,
			);
			mainGroup = 24B020EF18E9D1CA00C04985;
			productRefGroup = 24B020F918E9D1CA00C04985 /* Products */;
			projectDirPath = "";
			projectRoot = "";
			targets = (
				24B020F718E9D1CA00C04985 /* TestTacToe */,
				24B0211218E9D1CA00C04985 /* TestTacToeTests */,
			);
		};
/* End PBXProject section */

/* Begin PBXResourcesBuildPhase section */
		24B020F618E9D1CA00C04985 /* Resources */ = {
			isa = PBXResourcesBuildPhase;
			buildActionMask = 2147483647;
			files = (
				24B0210618E9D1CA00C04985 /* InfoPlist.strings in Resources */,
				24B0210E18E9D1CA00C04985 /* Images.xcassets in Resources */,
			);
			runOnlyForDeploymentPostprocessing = 0;
		};
		24B0211118E9D1CA00C04985 /* Resources */ = {
			isa = PBXResourcesBuildPhase;
			buildActionMask = 2147483647;
			files = (
				24B0211F18E9D1CA00C04985 /* InfoPlist.strings in Resources */,
			);
			runOnlyForDeploymentPostprocessing = 0;
		};
/* End PBXResourcesBuildPhase section */

/* Begin PBXShellScriptBuildPhase section */
		36D9A587411A4D92BE5CA7E4 /* Copy Pods Resources */ = {
			isa = PBXShellScriptBuildPhase;
			buildActionMask = 2147483647;
			files = (
			);
			inputPaths = (
			);
			name = "Copy Pods Resources";
			outputPaths = (
			);
			runOnlyForDeploymentPostprocessing = 0;
			shellPath = /bin/sh;
			shellScript = "\"${SRCROOT}/Pods/Pods-TestTacToeTests-resources.sh\"\n";
			showEnvVarsInLog = 0;
		};
		7A7BB05923784BD6A95B61E8 /* Check Pods Manifest.lock */ = {
			isa = PBXShellScriptBuildPhase;
			buildActionMask = 2147483647;
			files = (
			);
			inputPaths = (
			);
			name = "Check Pods Manifest.lock";
			outputPaths = (
			);
			runOnlyForDeploymentPostprocessing = 0;
			shellPath = /bin/sh;
			shellScript = "diff \"${PODS_ROOT}/../Podfile.lock\" \"${PODS_ROOT}/Manifest.lock\" > /dev/null\nif [[ $? != 0 ]] ; then\n    cat << EOM\nerror: The sandbox is not in sync with the Podfile.lock. Run 'pod install' or update your CocoaPods installation.\nEOM\n    exit 1\nfi\n";
			showEnvVarsInLog = 0;
		};
/* End PBXShellScriptBuildPhase section */

/* Begin PBXSourcesBuildPhase section */
		24B020F418E9D1CA00C04985 /* Sources */ = {
			isa = PBXSourcesBuildPhase;
			buildActionMask = 2147483647;
			files = (
				24B0210818E9D1CA00C04985 /* main.m in Sources */,
				24B0212C18E9D30100C04985 /* TTTBoard.m in Sources */,
				24B0210C18E9D1CA00C04985 /* TTTAppDelegate.m in Sources */,
			);
			runOnlyForDeploymentPostprocessing = 0;
		};
		24B0210F18E9D1CA00C04985 /* Sources */ = {
			isa = PBXSourcesBuildPhase;
			buildActionMask = 2147483647;
			files = (
				24B0212D18E9D30100C04985 /* TTTBoard.m in Sources */,
				24B0212F18E9D32100C04985 /* TestTacToeTests.m in Sources */,
			);
			runOnlyForDeploymentPostprocessing = 0;
		};
/* End PBXSourcesBuildPhase section */

/* Begin PBXTargetDependency section */
		24B0211918E9D1CA00C04985 /* PBXTargetDependency */ = {
			isa = PBXTargetDependency;
			target = 24B020F718E9D1CA00C04985 /* TestTacToe */;
			targetProxy = 24B0211818E9D1CA00C04985 /* PBXContainerItemProxy */;
		};
/* End PBXTargetDependency section */

/* Begin PBXVariantGroup section */
		24B0210418E9D1CA00C04985 /* InfoPlist.strings */ = {
			isa = PBXVariantGroup;
			children = (
				24B0210518E9D1CA00C04985 /* en */,
			);
			name = InfoPlist.strings;
			sourceTree = "<group>";
		};
		24B0211D18E9D1CA00C04985 /* InfoPlist.strings */ = {
			isa = PBXVariantGroup;
			children = (
				24B0211E18E9D1CA00C04985 /* en */,
			);
			name = InfoPlist.strings;
			sourceTree = "<group>";
		};
/* End PBXVariantGroup section */

/* Begin XCBuildConfiguration section */
		24B0212218E9D1CA00C04985 /* Debug */ = {
			isa = XCBuildConfiguration;
			buildSettings = {
				ALWAYS_SEARCH_USER_PATHS = NO;
				CLANG_CXX_LANGUAGE_STANDARD = "gnu++0x";
				CLANG_CXX_LIBRARY = "libc++";
				CLANG_ENABLE_MODULES = YES;
				CLANG_ENABLE_OBJC_ARC = YES;
				CLANG_WARN_BOOL_CONVERSION = YES;
				CLANG_WARN_CONSTANT_CONVERSION = YES;
				CLANG_WARN_DIRECT_OBJC_ISA_USAGE = YES_ERROR;
				CLANG_WARN_EMPTY_BODY = YES;
				CLANG_WARN_ENUM_CONVERSION = YES;
				CLANG_WARN_INT_CONVERSION = YES;
				CLANG_WARN_OBJC_ROOT_CLASS = YES_ERROR;
				CLANG_WARN__DUPLICATE_METHOD_MATCH = YES;
				"CODE_SIGN_IDENTITY[sdk=iphoneos*]" = "iPhone Developer";
				COPY_PHASE_STRIP = NO;
				GCC_C_LANGUAGE_STANDARD = gnu99;
				GCC_DYNAMIC_NO_PIC = NO;
				GCC_OPTIMIZATION_LEVEL = 0;
				GCC_PREPROCESSOR_DEFINITIONS = (
					"DEBUG=1",
					"$(inherited)",
				);
				GCC_SYMBOLS_PRIVATE_EXTERN = NO;
				GCC_WARN_64_TO_32_BIT_CONVERSION = YES;
				GCC_WARN_ABOUT_RETURN_TYPE = YES_ERROR;
				GCC_WARN_UNDECLARED_SELECTOR = YES;
				GCC_WARN_UNINITIALIZED_AUTOS = YES_AGGRESSIVE;
				GCC_WARN_UNUSED_FUNCTION = YES;
				GCC_WARN_UNUSED_VARIABLE = YES;
				IPHONEOS_DEPLOYMENT_TARGET = 7.1;
				ONLY_ACTIVE_ARCH = YES;
				SDKROOT = iphoneos;
			};
			name = Debug;
		};
		24B0212318E9D1CA00C04985 /* Release */ = {
			isa = XCBuildConfiguration;
			buildSettings = {
				ALWAYS_SEARCH_USER_PATHS = NO;
				CLANG_CXX_LANGUAGE_STANDARD = "gnu++0x";
				CLANG_CXX_LIBRARY = "libc++";
				CLANG_ENABLE_MODULES = YES;
				CLANG_ENABLE_OBJC_ARC = YES;
				CLANG_WARN_BOOL_CONVERSION = YES;
				CLANG_WARN_CONSTANT_CONVERSION = YES;
				CLANG_WARN_DIRECT_OBJC_ISA_USAGE = YES_ERROR;
				CLANG_WARN_EMPTY_BODY = YES;
				CLANG_WARN_ENUM_CONVERSION = YES;
				CLANG_WARN_INT_CONVERSION = YES;
				CLANG_WARN_OBJC_ROOT_CLASS = YES_ERROR;
				CLANG_WARN__DUPLICATE_METHOD_MATCH = YES;
				"CODE_SIGN_IDENTITY[sdk=iphoneos*]" = "iPhone Developer";
				COPY_PHASE_STRIP = YES;
				ENABLE_NS_ASSERTIONS = NO;
				GCC_C_LANGUAGE_STANDARD = gnu99;
				GCC_WARN_64_TO_32_BIT_CONVERSION = YES;
				GCC_WARN_ABOUT_RETURN_TYPE = YES_ERROR;
				GCC_WARN_UNDECLARED_SELECTOR = YES;
				GCC_WARN_UNINITIALIZED_AUTOS = YES_AGGRESSIVE;
				GCC_WARN_UNUSED_FUNCTION = YES;
				GCC_WARN_UNUSED_VARIABLE = YES;
				IPHONEOS_DEPLOYMENT_TARGET = 7.1;
				SDKROOT = iphoneos;
				VALIDATE_PRODUCT = YES;
			};
			name = Release;
		};
		24B0212518E9D1CA00C04985 /* Debug */ = {
			isa = XCBuildConfiguration;
			buildSettings = {
				ASSETCATALOG_COMPILER_APPICON_NAME = AppIcon;
				ASSETCATALOG_COMPILER_LAUNCHIMAGE_NAME = LaunchImage;
				GCC_PRECOMPILE_PREFIX_HEADER = YES;
				GCC_PREFIX_HEADER = "TestTacToe/TestTacToe-Prefix.pch";
				INFOPLIST_FILE = "TestTacToe/TestTacToe-Info.plist";
				PRODUCT_NAME = "$(TARGET_NAME)";
				WRAPPER_EXTENSION = app;
			};
			name = Debug;
		};
		24B0212618E9D1CA00C04985 /* Release */ = {
			isa = XCBuildConfiguration;
			buildSettings = {
				ASSETCATALOG_COMPILER_APPICON_NAME = AppIcon;
				ASSETCATALOG_COMPILER_LAUNCHIMAGE_NAME = LaunchImage;
				GCC_PRECOMPILE_PREFIX_HEADER = YES;
				GCC_PREFIX_HEADER = "TestTacToe/TestTacToe-Prefix.pch";
				INFOPLIST_FILE = "TestTacToe/TestTacToe-Info.plist";
				PRODUCT_NAME = "$(TARGET_NAME)";
				WRAPPER_EXTENSION = app;
			};
			name = Release;
		};
		24B0212818E9D1CA00C04985 /* Debug */ = {
			isa = XCBuildConfiguration;
			baseConfigurationReference = 499DD74B65A444CBBEE3EB6A /* Pods-TestTacToeTests.xcconfig */;
			buildSettings = {
				BUNDLE_LOADER = "$(BUILT_PRODUCTS_DIR)/TestTacToe.app/TestTacToe";
				FRAMEWORK_SEARCH_PATHS = (
					"$(SDKROOT)/Developer/Library/Frameworks",
					"$(inherited)",
					"$(DEVELOPER_FRAMEWORKS_DIR)",
				);
				GCC_PRECOMPILE_PREFIX_HEADER = YES;
				GCC_PREFIX_HEADER = "TestTacToe/TestTacToe-Prefix.pch";
				GCC_PREPROCESSOR_DEFINITIONS = (
					"DEBUG=1",
					"$(inherited)",
				);
				INFOPLIST_FILE = "TestTacToeTests/TestTacToeTests-Info.plist";
				PRODUCT_NAME = "$(TARGET_NAME)";
				TEST_HOST = "$(BUNDLE_LOADER)";
				WRAPPER_EXTENSION = xctest;
			};
			name = Debug;
		};
		24B0212918E9D1CA00C04985 /* Release */ = {
			isa = XCBuildConfiguration;
			baseConfigurationReference = 499DD74B65A444CBBEE3EB6A /* Pods-TestTacToeTests.xcconfig */;
			buildSettings = {
				BUNDLE_LOADER = "$(BUILT_PRODUCTS_DIR)/TestTacToe.app/TestTacToe";
				FRAMEWORK_SEARCH_PATHS = (
					"$(SDKROOT)/Developer/Library/Frameworks",
					"$(inherited)",
					"$(DEVELOPER_FRAMEWORKS_DIR)",
				);
				GCC_PRECOMPILE_PREFIX_HEADER = YES;
				GCC_PREFIX_HEADER = "TestTacToe/TestTacToe-Prefix.pch";
				INFOPLIST_FILE = "TestTacToeTests/TestTacToeTests-Info.plist";
				PRODUCT_NAME = "$(TARGET_NAME)";
				TEST_HOST = "$(BUNDLE_LOADER)";
				WRAPPER_EXTENSION = xctest;
			};
			name = Release;
		};
/* End XCBuildConfiguration section */

/* Begin XCConfigurationList section */
		24B020F318E9D1CA00C04985 /* Build configuration list for PBXProject "TestTacToe" */ = {
			isa = XCConfigurationList;
			buildConfigurations = (
				24B0212218E9D1CA00C04985 /* Debug */,
				24B0212318E9D1CA00C04985 /* Release */,
			);
			defaultConfigurationIsVisible = 0;
			defaultConfigurationName = Release;
		};
		24B0212418E9D1CA00C04985 /* Build configuration list for PBXNativeTarget "TestTacToe" */ = {
			isa = XCConfigurationList;
			buildConfigurations = (
				24B0212518E9D1CA00C04985 /* Debug */,
				24B0212618E9D1CA00C04985 /* Release */,
			);
			defaultConfigurationIsVisible = 0;
			defaultConfigurationName = Release;
		};
		24B0212718E9D1CA00C04985 /* Build configuration list for PBXNativeTarget "TestTacToeTests" */ = {
			isa = XCConfigurationList;
			buildConfigurations = (
				24B0212818E9D1CA00C04985 /* Debug */,
				24B0212918E9D1CA00C04985 /* Release */,
			);
			defaultConfigurationIsVisible = 0;
			defaultConfigurationName = Release;
		};
/* End XCConfigurationList section */
	};
	rootObject = 24B020F018E9D1CA00C04985 /* Project object */;
}
